
Microsoft Visual Studio Solution File, Format Version 12.00
# Visual Studio Version 17
VisualStudioVersion = 17.14.36414.22
MinimumVisualStudioVersion = 10.0.40219.1
Project("{2150E333-8FDC-42A3-9474-1A3956D46DE8}") = "Task0", "Task0", "{02EA681E-C7D8-13C7-8484-4AC65E1B71E8}"
EndProject
Project("{FAE04EC0-301F-11D3-BF4B-00C04F79EFBC}") = "Tyuiu.SamolovovaOA.Sprint0.Task0.V0", "Tyuiu.SamolovovaOA.Sprint0.Task0.V0\Tyuiu.SamolovovaOA.Sprint0.Task0.V0.csproj", "{773CF586-7770-4BB8-8795-9F2B2F131C09}"
EndProject
Project("{2150E333-8FDC-42A3-9474-1A3956D46DE8}") = "Task1", "Task1", "{153B6114-8C62-4B17-87A2-0210CC209EE4}"
EndProject
Project("{FAE04EC0-301F-11D3-BF4B-00C04F79EFBC}") = "Tyuiu.SamolovovaOA.Sprint0.Task1.V0", "Tyuiu.SamolovovaOA.Sprint0.Task1.V0\Tyuiu.SamolovovaOA.Sprint0.Task1.V0.csproj", "{1E4E53D0-38C1-46FB-BB08-9CA7DF2F64F8}"
EndProject
Project("{2150E333-8FDC-42A3-9474-1A3956D46DE8}") = "Task2", "Task2", "{B876DC0B-A2DB-458D-894D-98EDC9D0AA8E}"
EndProject
Project("{FAE04EC0-301F-11D3-BF4B-00C04F79EFBC}") = "Tyuiu.SamolovovaOA.Sprint0.Task2.V0", "Tyuiu.SamolovovaOA.Sprint0.Task2.V0\Tyuiu.SamolovovaOA.Sprint0.Task2.V0.csproj", "{30180842-E4FC-4229-9C4A-22C7A22CFA45}"
EndProject
Project("{FAE04EC0-301F-11D3-BF4B-00C04F79EFBC}") = "Tyuiu.SamolovovaOA.Sprint0.Task2.V0.Lib", "Tyuiu.SamolovovaOA.Sprint0.Task2.V0.Lib\Tyuiu.SamolovovaOA.Sprint0.Task2.V0.Lib.csproj", "{64D0997F-E564-450A-8696-618EC432CAF9}"
EndProject
Project("{FAE04EC0-301F-11D3-BF4B-00C04F79EFBC}") = "Tyuiu.SamolovovaOA.Sprint0.Task2.V0.Test", "Tyuiu.SamolovovaOA.Sprint0.Task2.V0.Test\Tyuiu.SamolovovaOA.Sprint0.Task2.V0.Test.csproj", "{BC7CA8C3-F721-4FE5-931C-066A1661FFD2}"
EndProject
Project("{2150E333-8FDC-42A3-9474-1A3956D46DE8}") = "Task3", "Task3", "{36D591C7-65C7-A0D1-1CBC-10CDE441BDC8}"
EndProject
Project("{FAE04EC0-301F-11D3-BF4B-00C04F79EFBC}") = "Tyuiu.SamolovovaOA.Sprint0.Task3.V0.Lib", "Tyuiu.SamolovovaOA.Sprint0.Task3.V0.Lib\Tyuiu.SamolovovaOA.Sprint0.Task3.V0.Lib.csproj", "{5232C860-D434-407D-82C3-FCE8B36CDB3C}"
EndProject
Project("{FAE04EC0-301F-11D3-BF4B-00C04F79EFBC}") = "Tyuiu.SamolovovaOA.Sprint0.Task3.V0.Test", "Tyuiu.SamolovovaOA.Sprint0.Task3.V0.Test\Tyuiu.SamolovovaOA.Sprint0.Task3.V0.Test.csproj", "{00856A9D-747C-4D8F-A265-F85DEFADB956}"
EndProject
Project("{FAE04EC0-301F-11D3-BF4B-00C04F79EFBC}") = "Tyuiu.SamolovovaOA.Sprint0.Task3.V0", "Tyuiu.SamolovovaOA.Sprint0.Task3.V0\Tyuiu.SamolovovaOA.Sprint0.Task3.V0.csproj", "{DEC189D8-AE2D-475E-A189-3105F7F0331F}"
EndProject
Project("{2150E333-8FDC-42A3-9474-1A3956D46DE8}") = "Task4", "Task4", "{34AC2776-39EC-4796-BC2A-81AEA10723F4}"
EndProject
Project("{FAE04EC0-301F-11D3-BF4B-00C04F79EFBC}") = "Tyuiu.SamolovovaOA.Sprint0.Task4.V0", "Tyuiu.SamolovovaOA.Sprint0.Task4.V0\Tyuiu.SamolovovaOA.Sprint0.Task4.V0.csproj", "{FE2B2B56-A147-4779-9ED8-5667AB331269}"
EndProject
Project("{FAE04EC0-301F-11D3-BF4B-00C04F79EFBC}") = "Tyuiu.SamolovovaOA.Sprint0.Task4.V0.Lib", "Tyuiu.SamolovovaOA.Sprint0.Task4.V0.Lib\Tyuiu.SamolovovaOA.Sprint0.Task4.V0.Lib.csproj", "{1CCEDF54-0D27-4F72-A720-F62543E77680}"
EndProject
Project("{FAE04EC0-301F-11D3-BF4B-00C04F79EFBC}") = "Tyuiu.SamolovovaOA.Sprint0.Task4.V0.Test", "Tyuiu.SamolovovaOA.Sprint0.Task4.V0.Test\Tyuiu.SamolovovaOA.Sprint0.Task4.V0.Test.csproj", "{18A2D334-E380-426D-A638-4B72D4AE3BE1}"
EndProject
Project("{2150E333-8FDC-42A3-9474-1A3956D46DE8}") = "Task5", "Task5", "{11EEE151-CEFC-434B-B292-8F8CBCD9E59F}"
EndProject
Project("{FAE04EC0-301F-11D3-BF4B-00C04F79EFBC}") = "Tyuiu.SamolovovaOA.Sprint0.Task5.V0", "Tyuiu.SamolovovaOA.Sprint0.Task5.V0\Tyuiu.SamolovovaOA.Sprint0.Task5.V0.csproj", "{444699D0-5DF1-4CC6-ADDE-09250444534B}"
EndProject
Project("{FAE04EC0-301F-11D3-BF4B-00C04F79EFBC}") = "Tyuiu.SamolovovaOA.Sprint0.Task5.V0.Lib", "Tyuiu.SamolovovaOA.Sprint0.Task5.V0.Lib\Tyuiu.SamolovovaOA.Sprint0.Task5.V0.Lib.csproj", "{B9C369C1-B238-4762-9C85-854477541D0D}"
EndProject
Project("{FAE04EC0-301F-11D3-BF4B-00C04F79EFBC}") = "Tyuiu.SamolovovaOA.Sprint0.Task5.V0.Test", "Tyuiu.SamolovovaOA.Sprint0.Task5.V0.Test\Tyuiu.SamolovovaOA.Sprint0.Task5.V0.Test.csproj", "{46742907-3267-49B8-9EC9-30AC93590B02}"
EndProject
Project("{2150E333-8FDC-42A3-9474-1A3956D46DE8}") = "Task6", "Task6", "{ECEA0677-07F5-4BD2-B400-A837B923FDCB}"
EndProject
Project("{FAE04EC0-301F-11D3-BF4B-00C04F79EFBC}") = "Tyuiu.SamolovovaOA.Sprint0.Task6.V0", "Tyuiu.SamolovovaOA.Sprint0.Task6.V0\Tyuiu.SamolovovaOA.Sprint0.Task6.V0.csproj", "{9D79C12F-B0A8-4B8F-9D46-CD6E92B532BB}"
EndProject
Project("{FAE04EC0-301F-11D3-BF4B-00C04F79EFBC}") = "Tyuiu.SamolovovaOA.Sprint0.Task6.V0.Lib", "Tyuiu.SamolovovaOA.Sprint0.Task6.V0.Lib\Tyuiu.SamolovovaOA.Sprint0.Task6.V0.Lib.csproj", "{EFAABCED-9035-4EFA-ACED-B94F6C8EDE41}"
EndProject
Project("{FAE04EC0-301F-11D3-BF4B-00C04F79EFBC}") = "Tyuiu.SamolovovaOA.Sprint0.Task6.V0.Test", "Tyuiu.SamolovovaOA.Sprint0.Task6.V0.Test\Tyuiu.SamolovovaOA.Sprint0.Task6.V0.Test.csproj", "{E9576777-7C16-42C3-A1BA-5CB0C905DDEB}"
EndProject
Project("{2150E333-8FDC-42A3-9474-1A3956D46DE8}") = "Task7", "Task7", "{F645B359-F107-4002-970F-F909E84F4CD0}"
EndProject
Project("{FAE04EC0-301F-11D3-BF4B-00C04F79EFBC}") = "Tyuiu.SamolovovaOA.Sprint0.Task7.V0", "Tyuiu.SamolovovaOA.Sprint0.Task7.V0\Tyuiu.SamolovovaOA.Sprint0.Task7.V0.csproj", "{9A766B03-0E47-4C06-8BA6-0E6940D1B722}"
EndProject
Project("{FAE04EC0-301F-11D3-BF4B-00C04F79EFBC}") = "Tyuiu.SamolovovaOA.Sprint0.Task7.V0.Lib", "Tyuiu.SamolovovaOA.Sprint0.Task7.V0.Lib\Tyuiu.SamolovovaOA.Sprint0.Task7.V0.Lib.csproj", "{09D88125-650B-4940-BEE2-2721AFBE0799}"
EndProject
Project("{FAE04EC0-301F-11D3-BF4B-00C04F79EFBC}") = "Tyuiu.SamolovovaOA.Sprint0.Task7.V0.Test", "Tyuiu.SamolovovaOA.Sprint0.Task7.V0.Test\Tyuiu.SamolovovaOA.Sprint0.Task7.V0.Test.csproj", "{656528C6-6788-436D-BEA9-E5D5DC946F8B}"
EndProject
Global
	GlobalSection(SolutionConfigurationPlatforms) = preSolution
		Debug|Any CPU = Debug|Any CPU
		Release|Any CPU = Release|Any CPU
	EndGlobalSection
	GlobalSection(ProjectConfigurationPlatforms) = postSolution
		{773CF586-7770-4BB8-8795-9F2B2F131C09}.Debug|Any CPU.ActiveCfg = Debug|Any CPU
		{773CF586-7770-4BB8-8795-9F2B2F131C09}.Debug|Any CPU.Build.0 = Debug|Any CPU
		{773CF586-7770-4BB8-8795-9F2B2F131C09}.Release|Any CPU.ActiveCfg = Release|Any CPU
		{773CF586-7770-4BB8-8795-9F2B2F131C09}.Release|Any CPU.Build.0 = Release|Any CPU
		{1E4E53D0-38C1-46FB-BB08-9CA7DF2F64F8}.Debug|Any CPU.ActiveCfg = Debug|Any CPU
		{1E4E53D0-38C1-46FB-BB08-9CA7DF2F64F8}.Debug|Any CPU.Build.0 = Debug|Any CPU
		{1E4E53D0-38C1-46FB-BB08-9CA7DF2F64F8}.Release|Any CPU.ActiveCfg = Release|Any CPU
		{1E4E53D0-38C1-46FB-BB08-9CA7DF2F64F8}.Release|Any CPU.Build.0 = Release|Any CPU
		{30180842-E4FC-4229-9C4A-22C7A22CFA45}.Debug|Any CPU.ActiveCfg = Debug|Any CPU
		{30180842-E4FC-4229-9C4A-22C7A22CFA45}.Debug|Any CPU.Build.0 = Debug|Any CPU
		{30180842-E4FC-4229-9C4A-22C7A22CFA45}.Release|Any CPU.ActiveCfg = Release|Any CPU
		{30180842-E4FC-4229-9C4A-22C7A22CFA45}.Release|Any CPU.Build.0 = Release|Any CPU
		{64D0997F-E564-450A-8696-618EC432CAF9}.Debug|Any CPU.ActiveCfg = Debug|Any CPU
		{64D0997F-E564-450A-8696-618EC432CAF9}.Debug|Any CPU.Build.0 = Debug|Any CPU
		{64D0997F-E564-450A-8696-618EC432CAF9}.Release|Any CPU.ActiveCfg = Release|Any CPU
		{64D0997F-E564-450A-8696-618EC432CAF9}.Release|Any CPU.Build.0 = Release|Any CPU
		{BC7CA8C3-F721-4FE5-931C-066A1661FFD2}.Debug|Any CPU.ActiveCfg = Debug|Any CPU
		{BC7CA8C3-F721-4FE5-931C-066A1661FFD2}.Debug|Any CPU.Build.0 = Debug|Any CPU
		{BC7CA8C3-F721-4FE5-931C-066A1661FFD2}.Release|Any CPU.ActiveCfg = Release|Any CPU
		{BC7CA8C3-F721-4FE5-931C-066A1661FFD2}.Release|Any CPU.Build.0 = Release|Any CPU
		{5232C860-D434-407D-82C3-FCE8B36CDB3C}.Debug|Any CPU.ActiveCfg = Debug|Any CPU
		{5232C860-D434-407D-82C3-FCE8B36CDB3C}.Debug|Any CPU.Build.0 = Debug|Any CPU
		{5232C860-D434-407D-82C3-FCE8B36CDB3C}.Release|Any CPU.ActiveCfg = Release|Any CPU
		{5232C860-D434-407D-82C3-FCE8B36CDB3C}.Release|Any CPU.Build.0 = Release|Any CPU
		{00856A9D-747C-4D8F-A265-F85DEFADB956}.Debug|Any CPU.ActiveCfg = Debug|Any CPU
		{00856A9D-747C-4D8F-A265-F85DEFADB956}.Debug|Any CPU.Build.0 = Debug|Any CPU
		{00856A9D-747C-4D8F-A265-F85DEFADB956}.Release|Any CPU.ActiveCfg = Release|Any CPU
		{00856A9D-747C-4D8F-A265-F85DEFADB956}.Release|Any CPU.Build.0 = Release|Any CPU
		{DEC189D8-AE2D-475E-A189-3105F7F0331F}.Debug|Any CPU.ActiveCfg = Debug|Any CPU
		{DEC189D8-AE2D-475E-A189-3105F7F0331F}.Debug|Any CPU.Build.0 = Debug|Any CPU
		{DEC189D8-AE2D-475E-A189-3105F7F0331F}.Release|Any CPU.ActiveCfg = Release|Any CPU
		{DEC189D8-AE2D-475E-A189-3105F7F0331F}.Release|Any CPU.Build.0 = Release|Any CPU
		{FE2B2B56-A147-4779-9ED8-5667AB331269}.Debug|Any CPU.ActiveCfg = Debug|Any CPU
		{FE2B2B56-A147-4779-9ED8-5667AB331269}.Debug|Any CPU.Build.0 = Debug|Any CPU
		{FE2B2B56-A147-4779-9ED8-5667AB331269}.Release|Any CPU.ActiveCfg = Release|Any CPU
		{FE2B2B56-A147-4779-9ED8-5667AB331269}.Release|Any CPU.Build.0 = Release|Any CPU
		{1CCEDF54-0D27-4F72-A720-F62543E77680}.Debug|Any CPU.ActiveCfg = Debug|Any CPU
		{1CCEDF54-0D27-4F72-A720-F62543E77680}.Debug|Any CPU.Build.0 = Debug|Any CPU
		{1CCEDF54-0D27-4F72-A720-F62543E77680}.Release|Any CPU.ActiveCfg = Release|Any CPU
		{1CCEDF54-0D27-4F72-A720-F62543E77680}.Release|Any CPU.Build.0 = Release|Any CPU
		{18A2D334-E380-426D-A638-4B72D4AE3BE1}.Debug|Any CPU.ActiveCfg = Debug|Any CPU
		{18A2D334-E380-426D-A638-4B72D4AE3BE1}.Debug|Any CPU.Build.0 = Debug|Any CPU
		{18A2D334-E380-426D-A638-4B72D4AE3BE1}.Release|Any CPU.ActiveCfg = Release|Any CPU
		{18A2D334-E380-426D-A638-4B72D4AE3BE1}.Release|Any CPU.Build.0 = Release|Any CPU
		{444699D0-5DF1-4CC6-ADDE-09250444534B}.Debug|Any CPU.ActiveCfg = Debug|Any CPU
		{444699D0-5DF1-4CC6-ADDE-09250444534B}.Debug|Any CPU.Build.0 = Debug|Any CPU
		{444699D0-5DF1-4CC6-ADDE-09250444534B}.Release|Any CPU.ActiveCfg = Release|Any CPU
		{444699D0-5DF1-4CC6-ADDE-09250444534B}.Release|Any CPU.Build.0 = Release|Any CPU
		{B9C369C1-B238-4762-9C85-854477541D0D}.Debug|Any CPU.ActiveCfg = Debug|Any CPU
		{B9C369C1-B238-4762-9C85-854477541D0D}.Debug|Any CPU.Build.0 = Debug|Any CPU
		{B9C369C1-B238-4762-9C85-854477541D0D}.Release|Any CPU.ActiveCfg = Release|Any CPU
		{B9C369C1-B238-4762-9C85-854477541D0D}.Release|Any CPU.Build.0 = Release|Any CPU
		{46742907-3267-49B8-9EC9-30AC93590B02}.Debug|Any CPU.ActiveCfg = Debug|Any CPU
		{46742907-3267-49B8-9EC9-30AC93590B02}.Debug|Any CPU.Build.0 = Debug|Any CPU
		{46742907-3267-49B8-9EC9-30AC93590B02}.Release|Any CPU.ActiveCfg = Release|Any CPU
		{46742907-3267-49B8-9EC9-30AC93590B02}.Release|Any CPU.Build.0 = Release|Any CPU
		{9D79C12F-B0A8-4B8F-9D46-CD6E92B532BB}.Debug|Any CPU.ActiveCfg = Debug|Any CPU
		{9D79C12F-B0A8-4B8F-9D46-CD6E92B532BB}.Debug|Any CPU.Build.0 = Debug|Any CPU
		{9D79C12F-B0A8-4B8F-9D46-CD6E92B532BB}.Release|Any CPU.ActiveCfg = Release|Any CPU
		{9D79C12F-B0A8-4B8F-9D46-CD6E92B532BB}.Release|Any CPU.Build.0 = Release|Any CPU
		{EFAABCED-9035-4EFA-ACED-B94F6C8EDE41}.Debug|Any CPU.ActiveCfg = Debug|Any CPU
		{EFAABCED-9035-4EFA-ACED-B94F6C8EDE41}.Debug|Any CPU.Build.0 = Debug|Any CPU
		{EFAABCED-9035-4EFA-ACED-B94F6C8EDE41}.Release|Any CPU.ActiveCfg = Release|Any CPU
		{EFAABCED-9035-4EFA-ACED-B94F6C8EDE41}.Release|Any CPU.Build.0 = Release|Any CPU
		{E9576777-7C16-42C3-A1BA-5CB0C905DDEB}.Debug|Any CPU.ActiveCfg = Debug|Any CPU
		{E9576777-7C16-42C3-A1BA-5CB0C905DDEB}.Debug|Any CPU.Build.0 = Debug|Any CPU
		{E9576777-7C16-42C3-A1BA-5CB0C905DDEB}.Release|Any CPU.ActiveCfg = Release|Any CPU
		{E9576777-7C16-42C3-A1BA-5CB0C905DDEB}.Release|Any CPU.Build.0 = Release|Any CPU
		{9A766B03-0E47-4C06-8BA6-0E6940D1B722}.Debug|Any CPU.ActiveCfg = Debug|Any CPU
		{9A766B03-0E47-4C06-8BA6-0E6940D1B722}.Debug|Any CPU.Build.0 = Debug|Any CPU
		{9A766B03-0E47-4C06-8BA6-0E6940D1B722}.Release|Any CPU.ActiveCfg = Release|Any CPU
		{9A766B03-0E47-4C06-8BA6-0E6940D1B722}.Release|Any CPU.Build.0 = Release|Any CPU
		{09D88125-650B-4940-BEE2-2721AFBE0799}.Debug|Any CPU.ActiveCfg = Debug|Any CPU
		{09D88125-650B-4940-BEE2-2721AFBE0799}.Debug|Any CPU.Build.0 = Debug|Any CPU
		{09D88125-650B-4940-BEE2-2721AFBE0799}.Release|Any CPU.ActiveCfg = Release|Any CPU
		{09D88125-650B-4940-BEE2-2721AFBE0799}.Release|Any CPU.Build.0 = Release|Any CPU
		{656528C6-6788-436D-BEA9-E5D5DC946F8B}.Debug|Any CPU.ActiveCfg = Debug|Any CPU
		{656528C6-6788-436D-BEA9-E5D5DC946F8B}.Debug|Any CPU.Build.0 = Debug|Any CPU
		{656528C6-6788-436D-BEA9-E5D5DC946F8B}.Release|Any CPU.ActiveCfg = Release|Any CPU
		{656528C6-6788-436D-BEA9-E5D5DC946F8B}.Release|Any CPU.Build.0 = Release|Any CPU
	EndGlobalSection
	GlobalSection(SolutionProperties) = preSolution
		HideSolutionNode = FALSE
	EndGlobalSection
	GlobalSection(NestedProjects) = preSolution
		{773CF586-7770-4BB8-8795-9F2B2F131C09} = {02EA681E-C7D8-13C7-8484-4AC65E1B71E8}
		{1E4E53D0-38C1-46FB-BB08-9CA7DF2F64F8} = {153B6114-8C62-4B17-87A2-0210CC209EE4}
		{30180842-E4FC-4229-9C4A-22C7A22CFA45} = {B876DC0B-A2DB-458D-894D-98EDC9D0AA8E}
		{64D0997F-E564-450A-8696-618EC432CAF9} = {B876DC0B-A2DB-458D-894D-98EDC9D0AA8E}
		{BC7CA8C3-F721-4FE5-931C-066A1661FFD2} = {B876DC0B-A2DB-458D-894D-98EDC9D0AA8E}
		{5232C860-D434-407D-82C3-FCE8B36CDB3C} = {36D591C7-65C7-A0D1-1CBC-10CDE441BDC8}
		{00856A9D-747C-4D8F-A265-F85DEFADB956} = {36D591C7-65C7-A0D1-1CBC-10CDE441BDC8}
		{DEC189D8-AE2D-475E-A189-3105F7F0331F} = {36D591C7-65C7-A0D1-1CBC-10CDE441BDC8}
		{FE2B2B56-A147-4779-9ED8-5667AB331269} = {34AC2776-39EC-4796-BC2A-81AEA10723F4}
		{1CCEDF54-0D27-4F72-A720-F62543E77680} = {34AC2776-39EC-4796-BC2A-81AEA10723F4}
		{18A2D334-E380-426D-A638-4B72D4AE3BE1} = {34AC2776-39EC-4796-BC2A-81AEA10723F4}
		{444699D0-5DF1-4CC6-ADDE-09250444534B} = {11EEE151-CEFC-434B-B292-8F8CBCD9E59F}
		{B9C369C1-B238-4762-9C85-854477541D0D} = {11EEE151-CEFC-434B-B292-8F8CBCD9E59F}
		{46742907-3267-49B8-9EC9-30AC93590B02} = {11EEE151-CEFC-434B-B292-8F8CBCD9E59F}
		{9D79C12F-B0A8-4B8F-9D46-CD6E92B532BB} = {ECEA0677-07F5-4BD2-B400-A837B923FDCB}
		{EFAABCED-9035-4EFA-ACED-B94F6C8EDE41} = {ECEA0677-07F5-4BD2-B400-A837B923FDCB}
		{E9576777-7C16-42C3-A1BA-5CB0C905DDEB} = {ECEA0677-07F5-4BD2-B400-A837B923FDCB}
		{9A766B03-0E47-4C06-8BA6-0E6940D1B722} = {F645B359-F107-4002-970F-F909E84F4CD0}
		{09D88125-650B-4940-BEE2-2721AFBE0799} = {F645B359-F107-4002-970F-F909E84F4CD0}
		{656528C6-6788-436D-BEA9-E5D5DC946F8B} = {F645B359-F107-4002-970F-F909E84F4CD0}
	EndGlobalSection
	GlobalSection(ExtensibilityGlobals) = postSolution
		SolutionGuid = {835C32B4-1277-4E41-98DC-169D89331180}
	EndGlobalSection
EndGlobal
